
Microsoft Visual Studio Solution File, Format Version 12.00
# Visual Studio Version 16
VisualStudioVersion = 16.0.30523.141
MinimumVisualStudioVersion = 10.0.40219.1
Project("{FAE04EC0-301F-11D3-BF4B-00C04F79EFBC}") = "Automobiles_Store_FRONT_END", "Automobiles_Store_FRONT_END\Automobiles_Store_FRONT_END.csproj", "{95863972-F133-44A5-A87C-679053C48081}"
EndProject
Project("{2150E333-8FDC-42A3-9474-1A3956D46DE8}") = "3_FRONT_END_PART", "3_FRONT_END_PART", "{BDC0ED44-36DA-4216-BF77-493ABB8565E9}"
EndProject
Project("{FAE04EC0-301F-11D3-BF4B-00C04F79EFBC}") = "Automobiles_Store_BACK_END", "Automobiles_Store_BACK_END\Automobiles_Store_BACK_END.csproj", "{11BC963D-037F-46F8-8130-CFBCF805DEF5}"
EndProject
Project("{FAE04EC0-301F-11D3-BF4B-00C04F79EFBC}") = "Automobiles_Store_BACK_END_TESTS", "Automobiles_Store_BACK_END_TESTS\Automobiles_Store_BACK_END_TESTS.csproj", "{3B84A097-EB0F-4942-8A67-C538C58160A6}"
EndProject
Project("{9A19103F-16F7-4668-BE54-9A1E7A4F7556}") = "GENERIC_COLLECTIONS", "..\..\GENERIC_COLLECTIONS\GENERIC_COLLECTIONS\GENERIC_COLLECTIONS.csproj", "{6AC5F4B4-DF50-4E5E-B783-585772783E32}"
EndProject
Project("{9A19103F-16F7-4668-BE54-9A1E7A4F7556}") = "TEST_REPORTS", "..\..\GENERIC_COLLECTIONS\TEST_REPORTS\TEST_REPORTS.csproj", "{49B05C88-4AEA-479B-B29D-B8CA82B3E217}"
EndProject
Project("{2150E333-8FDC-42A3-9474-1A3956D46DE8}") = "1_BACK_END_PART", "1_BACK_END_PART", "{1814A4FD-13FB-4EED-BA9F-9125987FF4AB}"
EndProject
Project("{2150E333-8FDC-42A3-9474-1A3956D46DE8}") = "2_GENERIC_COLLECTIONS_PART", "2_GENERIC_COLLECTIONS_PART", "{97AA1230-7767-4075-A306-760684444DA4}"
EndProject
Global
	GlobalSection(SolutionConfigurationPlatforms) = preSolution
		Debug|Any CPU = Debug|Any CPU
		Release|Any CPU = Release|Any CPU
	EndGlobalSection
	GlobalSection(ProjectConfigurationPlatforms) = postSolution
		{95863972-F133-44A5-A87C-679053C48081}.Debug|Any CPU.ActiveCfg = Debug|Any CPU
		{95863972-F133-44A5-A87C-679053C48081}.Debug|Any CPU.Build.0 = Debug|Any CPU
		{95863972-F133-44A5-A87C-679053C48081}.Release|Any CPU.ActiveCfg = Release|Any CPU
		{95863972-F133-44A5-A87C-679053C48081}.Release|Any CPU.Build.0 = Release|Any CPU
		{11BC963D-037F-46F8-8130-CFBCF805DEF5}.Debug|Any CPU.ActiveCfg = Debug|Any CPU
		{11BC963D-037F-46F8-8130-CFBCF805DEF5}.Debug|Any CPU.Build.0 = Debug|Any CPU
		{11BC963D-037F-46F8-8130-CFBCF805DEF5}.Release|Any CPU.ActiveCfg = Release|Any CPU
		{11BC963D-037F-46F8-8130-CFBCF805DEF5}.Release|Any CPU.Build.0 = Release|Any CPU
		{3B84A097-EB0F-4942-8A67-C538C58160A6}.Debug|Any CPU.ActiveCfg = Debug|Any CPU
		{3B84A097-EB0F-4942-8A67-C538C58160A6}.Debug|Any CPU.Build.0 = Debug|Any CPU
		{3B84A097-EB0F-4942-8A67-C538C58160A6}.Release|Any CPU.ActiveCfg = Release|Any CPU
		{3B84A097-EB0F-4942-8A67-C538C58160A6}.Release|Any CPU.Build.0 = Release|Any CPU
		{6AC5F4B4-DF50-4E5E-B783-585772783E32}.Debug|Any CPU.ActiveCfg = Debug|Any CPU
		{6AC5F4B4-DF50-4E5E-B783-585772783E32}.Debug|Any CPU.Build.0 = Debug|Any CPU
		{6AC5F4B4-DF50-4E5E-B783-585772783E32}.Release|Any CPU.ActiveCfg = Release|Any CPU
		{6AC5F4B4-DF50-4E5E-B783-585772783E32}.Release|Any CPU.Build.0 = Release|Any CPU
		{49B05C88-4AEA-479B-B29D-B8CA82B3E217}.Debug|Any CPU.ActiveCfg = Debug|Any CPU
		{49B05C88-4AEA-479B-B29D-B8CA82B3E217}.Debug|Any CPU.Build.0 = Debug|Any CPU
		{49B05C88-4AEA-479B-B29D-B8CA82B3E217}.Release|Any CPU.ActiveCfg = Release|Any CPU
		{49B05C88-4AEA-479B-B29D-B8CA82B3E217}.Release|Any CPU.Build.0 = Release|Any CPU
	EndGlobalSection
	GlobalSection(SolutionProperties) = preSolution
		HideSolutionNode = FALSE
	EndGlobalSection
	GlobalSection(NestedProjects) = preSolution
		{95863972-F133-44A5-A87C-679053C48081} = {BDC0ED44-36DA-4216-BF77-493ABB8565E9}
		{11BC963D-037F-46F8-8130-CFBCF805DEF5} = {1814A4FD-13FB-4EED-BA9F-9125987FF4AB}
		{3B84A097-EB0F-4942-8A67-C538C58160A6} = {1814A4FD-13FB-4EED-BA9F-9125987FF4AB}
		{6AC5F4B4-DF50-4E5E-B783-585772783E32} = {97AA1230-7767-4075-A306-760684444DA4}
		{49B05C88-4AEA-479B-B29D-B8CA82B3E217} = {97AA1230-7767-4075-A306-760684444DA4}
	EndGlobalSection
	GlobalSection(ExtensibilityGlobals) = postSolution
		SolutionGuid = {AAD50C1F-8066-462F-B85D-4A5B545BAADE}
	EndGlobalSection
EndGlobal
